// !$*UTF8*$!
{
	archiveVersion = 1;
	classes = {
	};
	objectVersion = 56;
	objects = {

/* Begin PBXBuildFile section */
		105F088529EAB2B500CEE732 /* main.cpp in Sources */ = {isa = PBXBuildFile; fileRef = 105F088429EAB2B500CEE732 /* main.cpp */; };
		105F089229EAB2E000CEE732 /* SimpleForwardIterator.cpp in Sources */ = {isa = PBXBuildFile; fileRef = 105F088E29EAB2E000CEE732 /* SimpleForwardIterator.cpp */; };
		105F089329EAB2E000CEE732 /* DataWrapper.cpp in Sources */ = {isa = PBXBuildFile; fileRef = 105F088F29EAB2E000CEE732 /* DataWrapper.cpp */; };
		105F089429EAB2E000CEE732 /* OrderingForwardIterator.cpp in Sources */ = {isa = PBXBuildFile; fileRef = 105F089029EAB2E000CEE732 /* OrderingForwardIterator.cpp */; };
/* End PBXBuildFile section */

/* Begin PBXCopyFilesBuildPhase section */
		105F087F29EAB2B500CEE732 /* CopyFiles */ = {
			isa = PBXCopyFilesBuildPhase;
			buildActionMask = 2147483647;
			dstPath = /usr/share/man/man1/;
			dstSubfolderSpec = 0;
			files = (
			);
			runOnlyForDeploymentPostprocessing = 1;
		};
/* End PBXCopyFilesBuildPhase section */

/* Begin PBXFileReference section */
		105F088129EAB2B500CEE732 /* Lab05 */ = {isa = PBXFileReference; explicitFileType = "compiled.mach-o.executable"; includeInIndex = 0; path = Lab05; sourceTree = BUILT_PRODUCTS_DIR; };
		105F088429EAB2B500CEE732 /* main.cpp */ = {isa = PBXFileReference; lastKnownFileType = sourcecode.cpp.cpp; path = main.cpp; sourceTree = "<group>"; };
		105F088B29EAB2E000CEE732 /* OrderingForwardIterator.h */ = {isa = PBXFileReference; fileEncoding = 4; lastKnownFileType = sourcecode.c.h; path = OrderingForwardIterator.h; sourceTree = "<group>"; };
		105F088C29EAB2E000CEE732 /* SimpleForwardIterator.h */ = {isa = PBXFileReference; fileEncoding = 4; lastKnownFileType = sourcecode.c.h; path = SimpleForwardIterator.h; sourceTree = "<group>"; };
		105F088D29EAB2E000CEE732 /* DataWrapper.h */ = {isa = PBXFileReference; fileEncoding = 4; lastKnownFileType = sourcecode.c.h; path = DataWrapper.h; sourceTree = "<group>"; };
		105F088E29EAB2E000CEE732 /* SimpleForwardIterator.cpp */ = {isa = PBXFileReference; fileEncoding = 4; lastKnownFileType = sourcecode.cpp.cpp; path = SimpleForwardIterator.cpp; sourceTree = "<group>"; };
		105F088F29EAB2E000CEE732 /* DataWrapper.cpp */ = {isa = PBXFileReference; fileEncoding = 4; lastKnownFileType = sourcecode.cpp.cpp; path = DataWrapper.cpp; sourceTree = "<group>"; };
		105F089029EAB2E000CEE732 /* OrderingForwardIterator.cpp */ = {isa = PBXFileReference; fileEncoding = 4; lastKnownFileType = sourcecode.cpp.cpp; path = OrderingForwardIterator.cpp; sourceTree = "<group>"; };
		105F089129EAB2E000CEE732 /* Map.h */ = {isa = PBXFileReference; fileEncoding = 4; lastKnownFileType = sourcecode.c.h; path = Map.h; sourceTree = "<group>"; };
		105F089529EAB31E00CEE732 /* Data_1.txt */ = {isa = PBXFileReference; fileEncoding = 4; lastKnownFileType = text; path = Data_1.txt; sourceTree = "<group>"; };
/* End PBXFileReference section */

/* Begin PBXFrameworksBuildPhase section */
		105F087E29EAB2B500CEE732 /* Frameworks */ = {
			isa = PBXFrameworksBuildPhase;
			buildActionMask = 2147483647;
			files = (
			);
			runOnlyForDeploymentPostprocessing = 0;
		};
/* End PBXFrameworksBuildPhase section */

/* Begin PBXGroup section */
		105F087829EAB2B500CEE732 = {
			isa = PBXGroup;
			children = (
				105F088329EAB2B500CEE732 /* Lab05 */,
				105F088229EAB2B500CEE732 /* Products */,
			);
			sourceTree = "<group>";
		};
		105F088229EAB2B500CEE732 /* Products */ = {
			isa = PBXGroup;
			children = (
				105F088129EAB2B500CEE732 /* Lab05 */,
			);
			name = Products;
			sourceTree = "<group>";
		};
		105F088329EAB2B500CEE732 /* Lab05 */ = {
			isa = PBXGroup;
			children = (
				105F089529EAB31E00CEE732 /* Data_1.txt */,
				105F088F29EAB2E000CEE732 /* DataWrapper.cpp */,
				105F088D29EAB2E000CEE732 /* DataWrapper.h */,
				105F089129EAB2E000CEE732 /* Map.h */,
				105F089029EAB2E000CEE732 /* OrderingForwardIterator.cpp */,
				105F088B29EAB2E000CEE732 /* OrderingForwardIterator.h */,
				105F088E29EAB2E000CEE732 /* SimpleForwardIterator.cpp */,
				105F088C29EAB2E000CEE732 /* SimpleForwardIterator.h */,
				105F088429EAB2B500CEE732 /* main.cpp */,
			);
			path = Lab05;
			sourceTree = "<group>";
		};
/* End PBXGroup section */

/* Begin PBXNativeTarget section */
		105F088029EAB2B500CEE732 /* Lab05 */ = {
			isa = PBXNativeTarget;
			buildConfigurationList = 105F088829EAB2B500CEE732 /* Build configuration list for PBXNativeTarget "Lab05" */;
			buildPhases = (
				105F087D29EAB2B500CEE732 /* Sources */,
				105F087E29EAB2B500CEE732 /* Frameworks */,
				105F087F29EAB2B500CEE732 /* CopyFiles */,
			);
			buildRules = (
			);
			dependencies = (
			);
			name = Lab05;
			productName = Lab05;
			productReference = 105F088129EAB2B500CEE732 /* Lab05 */;
			productType = "com.apple.product-type.tool";
		};
/* End PBXNativeTarget section */

/* Begin PBXProject section */
		105F087929EAB2B500CEE732 /* Project object */ = {
			isa = PBXProject;
			attributes = {
				BuildIndependentTargetsInParallel = 1;
				LastUpgradeCheck = 1420;
				TargetAttributes = {
					105F088029EAB2B500CEE732 = {
						CreatedOnToolsVersion = 14.2;
					};
				};
			};
			buildConfigurationList = 105F087C29EAB2B500CEE732 /* Build configuration list for PBXProject "Lab05" */;
			compatibilityVersion = "Xcode 14.0";
			developmentRegion = en;
			hasScannedForEncodings = 0;
			knownRegions = (
				en,
				Base,
			);
			mainGroup = 105F087829EAB2B500CEE732;
			productRefGroup = 105F088229EAB2B500CEE732 /* Products */;
			projectDirPath = "";
			projectRoot = "";
			targets = (
				105F088029EAB2B500CEE732 /* Lab05 */,
			);
		};
/* End PBXProject section */

/* Begin PBXSourcesBuildPhase section */
		105F087D29EAB2B500CEE732 /* Sources */ = {
			isa = PBXSourcesBuildPhase;
			buildActionMask = 2147483647;
			files = (
				105F088529EAB2B500CEE732 /* main.cpp in Sources */,
				105F089429EAB2E000CEE732 /* OrderingForwardIterator.cpp in Sources */,
				105F089229EAB2E000CEE732 /* SimpleForwardIterator.cpp in Sources */,
				105F089329EAB2E000CEE732 /* DataWrapper.cpp in Sources */,
			);
			runOnlyForDeploymentPostprocessing = 0;
		};
/* End PBXSourcesBuildPhase section */

/* Begin XCBuildConfiguration section */
		105F088629EAB2B500CEE732 /* Debug */ = {
			isa = XCBuildConfiguration;
			buildSettings = {
				ALWAYS_SEARCH_USER_PATHS = NO;
				CLANG_ANALYZER_NONNULL = YES;
				CLANG_ANALYZER_NUMBER_OBJECT_CONVERSION = YES_AGGRESSIVE;
				CLANG_CXX_LANGUAGE_STANDARD = "gnu++20";
				CLANG_ENABLE_MODULES = YES;
				CLANG_ENABLE_OBJC_ARC = YES;
				CLANG_ENABLE_OBJC_WEAK = YES;
				CLANG_WARN_BLOCK_CAPTURE_AUTORELEASING = YES;
				CLANG_WARN_BOOL_CONVERSION = YES;
				CLANG_WARN_COMMA = YES;
				CLANG_WARN_CONSTANT_CONVERSION = YES;
				CLANG_WARN_DEPRECATED_OBJC_IMPLEMENTATIONS = YES;
				CLANG_WARN_DIRECT_OBJC_ISA_USAGE = YES_ERROR;
				CLANG_WARN_DOCUMENTATION_COMMENTS = YES;
				CLANG_WARN_EMPTY_BODY = YES;
				CLANG_WARN_ENUM_CONVERSION = YES;
				CLANG_WARN_INFINITE_RECURSION = YES;
				CLANG_WARN_INT_CONVERSION = YES;
				CLANG_WARN_NON_LITERAL_NULL_CONVERSION = YES;
				CLANG_WARN_OBJC_IMPLICIT_RETAIN_SELF = YES;
				CLANG_WARN_OBJC_LITERAL_CONVERSION = YES;
				CLANG_WARN_OBJC_ROOT_CLASS = YES_ERROR;
				CLANG_WARN_QUOTED_INCLUDE_IN_FRAMEWORK_HEADER = YES;
				CLANG_WARN_RANGE_LOOP_ANALYSIS = YES;
				CLANG_WARN_STRICT_PROTOTYPES = YES;
				CLANG_WARN_SUSPICIOUS_MOVE = YES;
				CLANG_WARN_UNGUARDED_AVAILABILITY = YES_AGGRESSIVE;
				CLANG_WARN_UNREACHABLE_CODE = YES;
				CLANG_WARN__DUPLICATE_METHOD_MATCH = YES;
				COPY_PHASE_STRIP = NO;
				DEBUG_INFORMATION_FORMAT = dwarf;
				ENABLE_STRICT_OBJC_MSGSEND = YES;
				ENABLE_TESTABILITY = YES;
				GCC_C_LANGUAGE_STANDARD = gnu11;
				GCC_DYNAMIC_NO_PIC = NO;
				GCC_NO_COMMON_BLOCKS = YES;
				GCC_OPTIMIZATION_LEVEL = 0;
				GCC_PREPROCESSOR_DEFINITIONS = (
					"DEBUG=1",
					"$(inherited)",
				);
				GCC_WARN_64_TO_32_BIT_CONVERSION = YES;
				GCC_WARN_ABOUT_RETURN_TYPE = YES_ERROR;
				GCC_WARN_UNDECLARED_SELECTOR = YES;
				GCC_WARN_UNINITIALIZED_AUTOS = YES_AGGRESSIVE;
				GCC_WARN_UNUSED_FUNCTION = YES;
				GCC_WARN_UNUSED_VARIABLE = YES;
				MACOSX_DEPLOYMENT_TARGET = 13.1;
				MTL_ENABLE_DEBUG_INFO = INCLUDE_SOURCE;
				MTL_FAST_MATH = YES;
				ONLY_ACTIVE_ARCH = YES;
				SDKROOT = macosx;
			};
			name = Debug;
		};
		105F088729EAB2B500CEE732 /* Release */ = {
			isa = XCBuildConfiguration;
			buildSettings = {
				ALWAYS_SEARCH_USER_PATHS = NO;
				CLANG_ANALYZER_NONNULL = YES;
				CLANG_ANALYZER_NUMBER_OBJECT_CONVERSION = YES_AGGRESSIVE;
				CLANG_CXX_LANGUAGE_STANDARD = "gnu++20";
				CLANG_ENABLE_MODULES = YES;
				CLANG_ENABLE_OBJC_ARC = YES;
				CLANG_ENABLE_OBJC_WEAK = YES;
				CLANG_WARN_BLOCK_CAPTURE_AUTORELEASING = YES;
				CLANG_WARN_BOOL_CONVERSION = YES;
				CLANG_WARN_COMMA = YES;
				CLANG_WARN_CONSTANT_CONVERSION = YES;
				CLANG_WARN_DEPRECATED_OBJC_IMPLEMENTATIONS = YES;
				CLANG_WARN_DIRECT_OBJC_ISA_USAGE = YES_ERROR;
				CLANG_WARN_DOCUMENTATION_COMMENTS = YES;
				CLANG_WARN_EMPTY_BODY = YES;
				CLANG_WARN_ENUM_CONVERSION = YES;
				CLANG_WARN_INFINITE_RECURSION = YES;
				CLANG_WARN_INT_CONVERSION = YES;
				CLANG_WARN_NON_LITERAL_NULL_CONVERSION = YES;
				CLANG_WARN_OBJC_IMPLICIT_RETAIN_SELF = YES;
				CLANG_WARN_OBJC_LITERAL_CONVERSION = YES;
				CLANG_WARN_OBJC_ROOT_CLASS = YES_ERROR;
				CLANG_WARN_QUOTED_INCLUDE_IN_FRAMEWORK_HEADER = YES;
				CLANG_WARN_RANGE_LOOP_ANALYSIS = YES;
				CLANG_WARN_STRICT_PROTOTYPES = YES;
				CLANG_WARN_SUSPICIOUS_MOVE = YES;
				CLANG_WARN_UNGUARDED_AVAILABILITY = YES_AGGRESSIVE;
				CLANG_WARN_UNREACHABLE_CODE = YES;
				CLANG_WARN__DUPLICATE_METHOD_MATCH = YES;
				COPY_PHASE_STRIP = NO;
				DEBUG_INFORMATION_FORMAT = "dwarf-with-dsym";
				ENABLE_NS_ASSERTIONS = NO;
				ENABLE_STRICT_OBJC_MSGSEND = YES;
				GCC_C_LANGUAGE_STANDARD = gnu11;
				GCC_NO_COMMON_BLOCKS = YES;
				GCC_WARN_64_TO_32_BIT_CONVERSION = YES;
				GCC_WARN_ABOUT_RETURN_TYPE = YES_ERROR;
				GCC_WARN_UNDECLARED_SELECTOR = YES;
				GCC_WARN_UNINITIALIZED_AUTOS = YES_AGGRESSIVE;
				GCC_WARN_UNUSED_FUNCTION = YES;
				GCC_WARN_UNUSED_VARIABLE = YES;
				MACOSX_DEPLOYMENT_TARGET = 13.1;
				MTL_ENABLE_DEBUG_INFO = NO;
				MTL_FAST_MATH = YES;
				SDKROOT = macosx;
			};
			name = Release;
		};
		105F088929EAB2B500CEE732 /* Debug */ = {
			isa = XCBuildConfiguration;
			buildSettings = {
				CODE_SIGN_STYLE = Automatic;
				PRODUCT_NAME = "$(TARGET_NAME)";
			};
			name = Debug;
		};
		105F088A29EAB2B500CEE732 /* Release */ = {
			isa = XCBuildConfiguration;
			buildSettings = {
				CODE_SIGN_STYLE = Automatic;
				PRODUCT_NAME = "$(TARGET_NAME)";
			};
			name = Release;
		};
/* End XCBuildConfiguration section */

/* Begin XCConfigurationList section */
		105F087C29EAB2B500CEE732 /* Build configuration list for PBXProject "Lab05" */ = {
			isa = XCConfigurationList;
			buildConfigurations = (
				105F088629EAB2B500CEE732 /* Debug */,
				105F088729EAB2B500CEE732 /* Release */,
			);
			defaultConfigurationIsVisible = 0;
			defaultConfigurationName = Release;
		};
		105F088829EAB2B500CEE732 /* Build configuration list for PBXNativeTarget "Lab05" */ = {
			isa = XCConfigurationList;
			buildConfigurations = (
				105F088929EAB2B500CEE732 /* Debug */,
				105F088A29EAB2B500CEE732 /* Release */,
			);
			defaultConfigurationIsVisible = 0;
			defaultConfigurationName = Release;
		};
/* End XCConfigurationList section */
	};
	rootObject = 105F087929EAB2B500CEE732 /* Project object */;
}
